
Microsoft Visual Studio Solution File, Format Version 12.00
# Visual Studio Version 17
VisualStudioVersion = 17.5.002.0
MinimumVisualStudioVersion = 10.0.40219.1
Project("{9A19103F-16F7-4668-BE54-9A1E7A4F7556}") = "recursividad", "recursividad.csproj", "{EEEA005B-61AC-4C34-90B5-64B85F021D95}"
EndProject
Global
	GlobalSection(SolutionConfigurationPlatforms) = preSolution
		Debug|Any CPU = Debug|Any CPU
		Release|Any CPU = Release|Any CPU
	EndGlobalSection
	GlobalSection(ProjectConfigurationPlatforms) = postSolution
		{EEEA005B-61AC-4C34-90B5-64B85F021D95}.Debug|Any CPU.ActiveCfg = Debug|Any CPU
		{EEEA005B-61AC-4C34-90B5-64B85F021D95}.Debug|Any CPU.Build.0 = Debug|Any CPU
		{EEEA005B-61AC-4C34-90B5-64B85F021D95}.Release|Any CPU.ActiveCfg = Release|Any CPU
		{EEEA005B-61AC-4C34-90B5-64B85F021D95}.Release|Any CPU.Build.0 = Release|Any CPU
	EndGlobalSection
	GlobalSection(SolutionProperties) = preSolution
		HideSolutionNode = FALSE
	EndGlobalSection
	GlobalSection(ExtensibilityGlobals) = postSolution
		SolutionGuid = {1E2607DA-50A3-449F-96D7-8BED44FCA654}
	EndGlobalSection
EndGlobal
